
Microsoft Visual Studio Solution File, Format Version 12.00
# Visual Studio 15
VisualStudioVersion = 15.0.27703.2026
MinimumVisualStudioVersion = 10.0.40219.1
Project("{FAE04EC0-301F-11D3-BF4B-00C04F79EFBC}") = "plutz_dev", "plutz_dev\plutz_dev.csproj", "{0391C96D-C0DD-42AA-8C29-96023F6B5957}"
EndProject
Global
	GlobalSection(SolutionConfigurationPlatforms) = preSolution
		Debug|Any CPU = Debug|Any CPU
		Release|Any CPU = Release|Any CPU
	EndGlobalSection
	GlobalSection(ProjectConfigurationPlatforms) = postSolution
		{0391C96D-C0DD-42AA-8C29-96023F6B5957}.Debug|Any CPU.ActiveCfg = Debug|Any CPU
		{0391C96D-C0DD-42AA-8C29-96023F6B5957}.Debug|Any CPU.Build.0 = Debug|Any CPU
		{0391C96D-C0DD-42AA-8C29-96023F6B5957}.Release|Any CPU.ActiveCfg = Release|Any CPU
		{0391C96D-C0DD-42AA-8C29-96023F6B5957}.Release|Any CPU.Build.0 = Release|Any CPU
	EndGlobalSection
	GlobalSection(SolutionProperties) = preSolution
		HideSolutionNode = FALSE
	EndGlobalSection
	GlobalSection(ExtensibilityGlobals) = postSolution
		SolutionGuid = {036E80F0-5815-4111-B29A-C6085D089DB5}
	EndGlobalSection
EndGlobal
